
Microsoft Visual Studio Solution File, Format Version 12.00
# Visual Studio Version 17
VisualStudioVersion = 17.8.34511.84
MinimumVisualStudioVersion = 10.0.40219.1
Project("{FAE04EC0-301F-11D3-BF4B-00C04F79EFBC}") = "ForumApp", "ForumApp\ForumApp.csproj", "{B2B53BA0-F2FB-4EA3-97F2-6A2083BBE8E4}"
EndProject
Project("{FAE04EC0-301F-11D3-BF4B-00C04F79EFBC}") = "ForumApp.Core", "ForumApp.Core\ForumApp.Core.csproj", "{B647A45E-60CE-406E-805E-E90A3246C921}"
EndProject
Project("{FAE04EC0-301F-11D3-BF4B-00C04F79EFBC}") = "ForumApp.Infrastructure", "ForumApp.Infrastructure\ForumApp.Infrastructure.csproj", "{5D5496A4-B4D6-4AC6-B65F-60905A97B539}"
EndProject
Global
	GlobalSection(SolutionConfigurationPlatforms) = preSolution
		Debug|Any CPU = Debug|Any CPU
		Release|Any CPU = Release|Any CPU
	EndGlobalSection
	GlobalSection(ProjectConfigurationPlatforms) = postSolution
		{B2B53BA0-F2FB-4EA3-97F2-6A2083BBE8E4}.Debug|Any CPU.ActiveCfg = Debug|Any CPU
		{B2B53BA0-F2FB-4EA3-97F2-6A2083BBE8E4}.Debug|Any CPU.Build.0 = Debug|Any CPU
		{B2B53BA0-F2FB-4EA3-97F2-6A2083BBE8E4}.Release|Any CPU.ActiveCfg = Release|Any CPU
		{B2B53BA0-F2FB-4EA3-97F2-6A2083BBE8E4}.Release|Any CPU.Build.0 = Release|Any CPU
		{B647A45E-60CE-406E-805E-E90A3246C921}.Debug|Any CPU.ActiveCfg = Debug|Any CPU
		{B647A45E-60CE-406E-805E-E90A3246C921}.Debug|Any CPU.Build.0 = Debug|Any CPU
		{B647A45E-60CE-406E-805E-E90A3246C921}.Release|Any CPU.ActiveCfg = Release|Any CPU
		{B647A45E-60CE-406E-805E-E90A3246C921}.Release|Any CPU.Build.0 = Release|Any CPU
		{5D5496A4-B4D6-4AC6-B65F-60905A97B539}.Debug|Any CPU.ActiveCfg = Debug|Any CPU
		{5D5496A4-B4D6-4AC6-B65F-60905A97B539}.Debug|Any CPU.Build.0 = Debug|Any CPU
		{5D5496A4-B4D6-4AC6-B65F-60905A97B539}.Release|Any CPU.ActiveCfg = Release|Any CPU
		{5D5496A4-B4D6-4AC6-B65F-60905A97B539}.Release|Any CPU.Build.0 = Release|Any CPU
	EndGlobalSection
	GlobalSection(SolutionProperties) = preSolution
		HideSolutionNode = FALSE
	EndGlobalSection
	GlobalSection(ExtensibilityGlobals) = postSolution
		SolutionGuid = {F06A5C83-7732-4E2E-9B31-F484289ACFBB}
	EndGlobalSection
EndGlobal
